
Microsoft Visual Studio Solution File, Format Version 12.00
# Visual Studio Version 17
VisualStudioVersion = 17.14.36414.22 d17.14
MinimumVisualStudioVersion = 10.0.40219.1
Project("{2150E333-8FDC-42A3-9474-1A3956D46DE8}") = "Task0", "Task0", "{02EA681E-C7D8-13C7-8484-4AC65E1B71E8}"
EndProject
Project("{FAE04EC0-301F-11D3-BF4B-00C04F79EFBC}") = "Tyuiu.MolchanovIV.Sprint1.Task0.V2", "Tyuiu.MolchanovIV.Sprint1.Task0.V2\Tyuiu.MolchanovIV.Sprint1.Task0.V2.csproj", "{CED48420-17E8-45B6-9595-E115EC083693}"
EndProject
Project("{FAE04EC0-301F-11D3-BF4B-00C04F79EFBC}") = "Tyuiu.MolchanovIV.Sprint1.Task0.V2.Test", "Tyuiu.MolchanovIV.Sprint1.Task0.V2.Test\Tyuiu.MolchanovIV.Sprint1.Task0.V2.Test.csproj", "{45A28043-9D7B-4126-9DB8-A9092119F355}"
EndProject
Project("{FAE04EC0-301F-11D3-BF4B-00C04F79EFBC}") = "Tyuiu.MolchanovIV.Sprint1.Task0.V2.Lib", "Tyuiu.MolchanovIV.Sprint1.Task0.V2.Lib\Tyuiu.MolchanovIV.Sprint1.Task0.V2.Lib.csproj", "{58A98F81-C7AE-47C3-9624-0DCB3F2EB7BE}"
EndProject
Project("{2150E333-8FDC-42A3-9474-1A3956D46DE8}") = "Task1", "Task1", "{BF95F207-945C-42D6-949C-352C67EC7A9B}"
EndProject
Project("{FAE04EC0-301F-11D3-BF4B-00C04F79EFBC}") = "Tyuiu.MolchanovIV.Sprint1.Task1.V11", "Tyuiu.MolchanovIV.Sprint1.Task1.V11\Tyuiu.MolchanovIV.Sprint1.Task1.V11.csproj", "{E10461A3-B4B8-44D1-9C3C-E08529F560CA}"
EndProject
Project("{FAE04EC0-301F-11D3-BF4B-00C04F79EFBC}") = "Tyuiu.MolchanovIV.Sprint1.Task1.V11.Lib", "Tyuiu.MolchanovIV.Sprint1.Task1.V11.Lib\Tyuiu.MolchanovIV.Sprint1.Task1.V11.Lib.csproj", "{8F760565-340D-475E-B910-D16769C2C3AB}"
EndProject
Project("{FAE04EC0-301F-11D3-BF4B-00C04F79EFBC}") = "Tyuiu.MolchanovIV.Sprint1.Task1.V11.Test", "Tyuiu.MolchanovIV.Sprint1.Task1.V11.Test\Tyuiu.MolchanovIV.Sprint1.Task1.V11.Test.csproj", "{315C5BF1-5DB6-417C-A270-3636FCB89DCF}"
EndProject
Project("{2150E333-8FDC-42A3-9474-1A3956D46DE8}") = "Task2", "Task2", "{68653A50-3BA3-49B5-8543-6E67A6B5B69E}"
EndProject
Project("{FAE04EC0-301F-11D3-BF4B-00C04F79EFBC}") = "Tyuiu.MolchanovIV.Sprint1.Task2.V9", "Tyuiu.MolchanovIV.Sprint1.Task2.V9\Tyuiu.MolchanovIV.Sprint1.Task2.V9.csproj", "{2B65B9FD-337B-4925-B7A4-3BE6BFCFFC3F}"
EndProject
Project("{FAE04EC0-301F-11D3-BF4B-00C04F79EFBC}") = "Tyuiu.MolchanovIV.Sprint1.Task2.V9.Lib", "Tyuiu.MolchanovIV.Sprint1.Task2.V9.Lib\Tyuiu.MolchanovIV.Sprint1.Task2.V9.Lib.csproj", "{9C00DE0F-9693-45D0-8C9D-E47843466D6A}"
EndProject
Project("{FAE04EC0-301F-11D3-BF4B-00C04F79EFBC}") = "Tyuiu.MolchanovIV.Sprint1.Task2.V9.Test", "Tyuiu.MolchanovIV.Sprint1.Task2.V9.Test\Tyuiu.MolchanovIV.Sprint1.Task2.V9.Test.csproj", "{A70BF777-66D6-4BCA-8F68-4D2329158C51}"
EndProject
Global
	GlobalSection(SolutionConfigurationPlatforms) = preSolution
		Debug|Any CPU = Debug|Any CPU
		Release|Any CPU = Release|Any CPU
	EndGlobalSection
	GlobalSection(ProjectConfigurationPlatforms) = postSolution
		{CED48420-17E8-45B6-9595-E115EC083693}.Debug|Any CPU.ActiveCfg = Debug|Any CPU
		{CED48420-17E8-45B6-9595-E115EC083693}.Debug|Any CPU.Build.0 = Debug|Any CPU
		{CED48420-17E8-45B6-9595-E115EC083693}.Release|Any CPU.ActiveCfg = Release|Any CPU
		{CED48420-17E8-45B6-9595-E115EC083693}.Release|Any CPU.Build.0 = Release|Any CPU
		{45A28043-9D7B-4126-9DB8-A9092119F355}.Debug|Any CPU.ActiveCfg = Debug|Any CPU
		{45A28043-9D7B-4126-9DB8-A9092119F355}.Debug|Any CPU.Build.0 = Debug|Any CPU
		{45A28043-9D7B-4126-9DB8-A9092119F355}.Release|Any CPU.ActiveCfg = Release|Any CPU
		{45A28043-9D7B-4126-9DB8-A9092119F355}.Release|Any CPU.Build.0 = Release|Any CPU
		{58A98F81-C7AE-47C3-9624-0DCB3F2EB7BE}.Debug|Any CPU.ActiveCfg = Debug|Any CPU
		{58A98F81-C7AE-47C3-9624-0DCB3F2EB7BE}.Debug|Any CPU.Build.0 = Debug|Any CPU
		{58A98F81-C7AE-47C3-9624-0DCB3F2EB7BE}.Release|Any CPU.ActiveCfg = Release|Any CPU
		{58A98F81-C7AE-47C3-9624-0DCB3F2EB7BE}.Release|Any CPU.Build.0 = Release|Any CPU
		{E10461A3-B4B8-44D1-9C3C-E08529F560CA}.Debug|Any CPU.ActiveCfg = Debug|Any CPU
		{E10461A3-B4B8-44D1-9C3C-E08529F560CA}.Debug|Any CPU.Build.0 = Debug|Any CPU
		{E10461A3-B4B8-44D1-9C3C-E08529F560CA}.Release|Any CPU.ActiveCfg = Release|Any CPU
		{E10461A3-B4B8-44D1-9C3C-E08529F560CA}.Release|Any CPU.Build.0 = Release|Any CPU
		{8F760565-340D-475E-B910-D16769C2C3AB}.Debug|Any CPU.ActiveCfg = Debug|Any CPU
		{8F760565-340D-475E-B910-D16769C2C3AB}.Debug|Any CPU.Build.0 = Debug|Any CPU
		{8F760565-340D-475E-B910-D16769C2C3AB}.Release|Any CPU.ActiveCfg = Release|Any CPU
		{8F760565-340D-475E-B910-D16769C2C3AB}.Release|Any CPU.Build.0 = Release|Any CPU
		{315C5BF1-5DB6-417C-A270-3636FCB89DCF}.Debug|Any CPU.ActiveCfg = Debug|Any CPU
		{315C5BF1-5DB6-417C-A270-3636FCB89DCF}.Debug|Any CPU.Build.0 = Debug|Any CPU
		{315C5BF1-5DB6-417C-A270-3636FCB89DCF}.Release|Any CPU.ActiveCfg = Release|Any CPU
		{315C5BF1-5DB6-417C-A270-3636FCB89DCF}.Release|Any CPU.Build.0 = Release|Any CPU
		{2B65B9FD-337B-4925-B7A4-3BE6BFCFFC3F}.Debug|Any CPU.ActiveCfg = Debug|Any CPU
		{2B65B9FD-337B-4925-B7A4-3BE6BFCFFC3F}.Debug|Any CPU.Build.0 = Debug|Any CPU
		{2B65B9FD-337B-4925-B7A4-3BE6BFCFFC3F}.Release|Any CPU.ActiveCfg = Release|Any CPU
		{2B65B9FD-337B-4925-B7A4-3BE6BFCFFC3F}.Release|Any CPU.Build.0 = Release|Any CPU
		{9C00DE0F-9693-45D0-8C9D-E47843466D6A}.Debug|Any CPU.ActiveCfg = Debug|Any CPU
		{9C00DE0F-9693-45D0-8C9D-E47843466D6A}.Debug|Any CPU.Build.0 = Debug|Any CPU
		{9C00DE0F-9693-45D0-8C9D-E47843466D6A}.Release|Any CPU.ActiveCfg = Release|Any CPU
		{9C00DE0F-9693-45D0-8C9D-E47843466D6A}.Release|Any CPU.Build.0 = Release|Any CPU
		{A70BF777-66D6-4BCA-8F68-4D2329158C51}.Debug|Any CPU.ActiveCfg = Debug|Any CPU
		{A70BF777-66D6-4BCA-8F68-4D2329158C51}.Debug|Any CPU.Build.0 = Debug|Any CPU
		{A70BF777-66D6-4BCA-8F68-4D2329158C51}.Release|Any CPU.ActiveCfg = Release|Any CPU
		{A70BF777-66D6-4BCA-8F68-4D2329158C51}.Release|Any CPU.Build.0 = Release|Any CPU
	EndGlobalSection
	GlobalSection(SolutionProperties) = preSolution
		HideSolutionNode = FALSE
	EndGlobalSection
	GlobalSection(NestedProjects) = preSolution
		{CED48420-17E8-45B6-9595-E115EC083693} = {02EA681E-C7D8-13C7-8484-4AC65E1B71E8}
		{45A28043-9D7B-4126-9DB8-A9092119F355} = {02EA681E-C7D8-13C7-8484-4AC65E1B71E8}
		{58A98F81-C7AE-47C3-9624-0DCB3F2EB7BE} = {02EA681E-C7D8-13C7-8484-4AC65E1B71E8}
		{E10461A3-B4B8-44D1-9C3C-E08529F560CA} = {BF95F207-945C-42D6-949C-352C67EC7A9B}
		{8F760565-340D-475E-B910-D16769C2C3AB} = {BF95F207-945C-42D6-949C-352C67EC7A9B}
		{315C5BF1-5DB6-417C-A270-3636FCB89DCF} = {BF95F207-945C-42D6-949C-352C67EC7A9B}
		{2B65B9FD-337B-4925-B7A4-3BE6BFCFFC3F} = {68653A50-3BA3-49B5-8543-6E67A6B5B69E}
		{9C00DE0F-9693-45D0-8C9D-E47843466D6A} = {68653A50-3BA3-49B5-8543-6E67A6B5B69E}
		{A70BF777-66D6-4BCA-8F68-4D2329158C51} = {68653A50-3BA3-49B5-8543-6E67A6B5B69E}
	EndGlobalSection
	GlobalSection(ExtensibilityGlobals) = postSolution
		SolutionGuid = {9CE209BB-CFD8-4432-AF34-81AB404774BC}
	EndGlobalSection
EndGlobal
